
Microsoft Visual Studio Solution File, Format Version 12.00
# Visual Studio Version 17
VisualStudioVersion = 17.2.32630.192
MinimumVisualStudioVersion = 10.0.40219.1
Project("{FAE04EC0-301F-11D3-BF4B-00C04F79EFBC}") = "Editor de Texto", "Editor de Texto.csproj", "{7EC79521-4310-4F6F-9F3D-A0861652ADF2}"
EndProject
Global
	GlobalSection(SolutionConfigurationPlatforms) = preSolution
		Debug|Any CPU = Debug|Any CPU
		Release|Any CPU = Release|Any CPU
	EndGlobalSection
	GlobalSection(ProjectConfigurationPlatforms) = postSolution
		{7EC79521-4310-4F6F-9F3D-A0861652ADF2}.Debug|Any CPU.ActiveCfg = Debug|Any CPU
		{7EC79521-4310-4F6F-9F3D-A0861652ADF2}.Debug|Any CPU.Build.0 = Debug|Any CPU
		{7EC79521-4310-4F6F-9F3D-A0861652ADF2}.Release|Any CPU.ActiveCfg = Release|Any CPU
		{7EC79521-4310-4F6F-9F3D-A0861652ADF2}.Release|Any CPU.Build.0 = Release|Any CPU
	EndGlobalSection
	GlobalSection(SolutionProperties) = preSolution
		HideSolutionNode = FALSE
	EndGlobalSection
	GlobalSection(ExtensibilityGlobals) = postSolution
		SolutionGuid = {51D4F4B8-7B37-4670-8492-1EDAB72C5C48}
	EndGlobalSection
EndGlobal
